{
  "requires": true,
  "lockfileVersion": 1,
  "dependencies": {
    "@angular/animations": {
      "version": "6.1.0",
      "resolved": "https://registry.npmjs.org/@angular/animations/-/animations-6.1.0.tgz",
      "integrity": "sha512-9IJs1czyoOlgcaY3QUyQI0XeTFX45Qr/o5qlPrce240gi7TXbdJs3WIbLzxx7BhMf20GholCaOvSS3BZrNlFSA==",
      "requires": {
        "tslib": "^1.9.0"
      }
    },
    "@angular/cdk": {
      "version": "6.1.0",
      "resolved": "https://registry.npmjs.org/@angular/cdk/-/cdk-6.1.0.tgz",
      "integrity": "sha512-IrM+cjeUW0TmFIZb7nMtARa9dKOVU9vXlwzllcwcBYHJNb9YcnLPaWqB2LqDQFuH/JQyt+oAG+VyfMmU+yk9uw==",
      "requires": {
        "tslib": "^1.7.1"
      }
    },
    "@angular/material": {
      "version": "6.1.0",
      "resolved": "https://registry.npmjs.org/@angular/material/-/material-6.1.0.tgz",
      "integrity": "sha512-9FLWjVnHFzAoGSWU5dz8X/QYeBtZGijMJIp1k94QDYz+2xA10IbesEgnv8I5Ri3EPnjV/gCspeSkt1ClLc95CA==",
      "requires": {
        "tslib": "^1.7.1"
      }
    },
    "tslib": {
      "version": "1.10.0",
      "resolved": "https://registry.npmjs.org/tslib/-/tslib-1.10.0.tgz",
      "integrity": "sha512-qOebF53frne81cf0S9B41ByenJ3/IuH8yJKngAX35CmiZySA0khhkovshKK+jGCaMnVomla7gVlIcc3EvKPbTQ=="
    }
  }
}
