{
  "requires": true,
  "lockfileVersion": 1,
  "dependencies": {
    "@angular/animations": {
      "version": "6.1.0",
      "resolved": "https://registry.npmjs.org/@angular/animations/-/animations-6.1.0.tgz",
      "integrity": "sha512-9IJs1czyoOlgcaY3QUyQI0XeTFX45Qr/o5qlPrce240gi7TXbdJs3WIbLzxx7BhMf20GholCaOvSS3BZrNlFSA==",
      "requires": {
        "tslib": "^1.9.0"
      }
    },
    "@angular/cdk": {
      "version": "6.1.0",
      "resolved": "https://registry.npmjs.org/@angular/cdk/-/cdk-6.1.0.tgz",
      "integrity": "sha512-IrM+cjeUW0TmFIZb7nMtARa9dKOVU9vXlwzllcwcBYHJNb9YcnLPaWqB2LqDQFuH/JQyt+oAG+VyfMmU+yk9uw==",
      "requires": {
        "tslib": "^1.7.1"
      }
    },
    "@angular/material": {
      "version": "6.1.0",
      "resolved": "https://registry.npmjs.org/@angular/material/-/material-6.1.0.tgz",
      "integrity": "sha512-9FLWjVnHFzAoGSWU5dz8X/QYeBtZGijMJIp1k94QDYz+2xA10IbesEgnv8I5Ri3EPnjV/gCspeSkt1ClLc95CA==",
      "requires": {
        "tslib": "^1.7.1"
      }
    },
    "@ng-bootstrap/ng-bootstrap": {
      "version": "3.0.0",
      "resolved": "https://registry.npmjs.org/@ng-bootstrap/ng-bootstrap/-/ng-bootstrap-3.0.0.tgz",
      "integrity": "sha512-yYfqUORHc363ElX6C38hR4g9lFSOCXBVv3LTDNCyEz5go5kqSW8Tl5LDUlCxpswj02Wn14O1MunrnznZoSfYZA==",
      "requires": {
        "tslib": "^1.9.0"
      }
    },
    "angular-bootstrap-md": {
      "version": "8.4.0",
      "resolved": "https://registry.npmjs.org/angular-bootstrap-md/-/angular-bootstrap-md-8.4.0.tgz",
      "integrity": "sha512-Kt5RLvJjeCmYwKH1IwCyMiOfQNYDskBfturzDdFeliO1UM/hCSs74Gm5vUxPxwZ7yRUN2iZyRFk/vrGCm9H0rg==",
      "requires": {
        "tslib": "^1.9.0"
      }
    },
    "tslib": {
      "version": "1.10.0",
      "resolved": "https://registry.npmjs.org/tslib/-/tslib-1.10.0.tgz",
      "integrity": "sha512-qOebF53frne81cf0S9B41ByenJ3/IuH8yJKngAX35CmiZySA0khhkovshKK+jGCaMnVomla7gVlIcc3EvKPbTQ=="
    }
  }
}
